
Microsoft Visual Studio Solution File, Format Version 12.00
# Visual Studio Version 17
VisualStudioVersion = 17.0.31903.59
MinimumVisualStudioVersion = 10.0.40219.1
Project("{2150E333-8FDC-42A3-9474-1A3956D46DE8}") = "aspire", "aspire", "{64880D93-BAB4-FF83-898C-B934B68C31A9}"
EndProject
Project("{FAE04EC0-301F-11D3-BF4B-00C04F79EFBC}") = "Faktuboh.AppHost", "aspire\Faktuboh.AppHost\Faktuboh.AppHost.csproj", "{6631AF64-6D88-41FF-8358-39EEF43EEAC1}"
EndProject
Project("{FAE04EC0-301F-11D3-BF4B-00C04F79EFBC}") = "Faktuboh.ServiceDefaults", "aspire\Faktuboh.ServiceDefaults\Faktuboh.ServiceDefaults.csproj", "{04F761AF-7E70-491C-BC16-D8513A8C1C64}"
EndProject
Project("{2150E333-8FDC-42A3-9474-1A3956D46DE8}") = "src", "src", "{827E0CD3-B72D-47B6-A68D-7590B98EB39B}"
EndProject
Project("{FAE04EC0-301F-11D3-BF4B-00C04F79EFBC}") = "Faktuboh.Domain", "src\Faktuboh.Domain\Faktuboh.Domain.csproj", "{C2655D02-F000-46CB-97D3-9EAFB69EC8B9}"
EndProject
Project("{FAE04EC0-301F-11D3-BF4B-00C04F79EFBC}") = "Faktuboh.Application", "src\Faktuboh.Application\Faktuboh.Application.csproj", "{A4B5D52D-0CFC-4C1F-8428-178BE36EA76C}"
EndProject
Project("{FAE04EC0-301F-11D3-BF4B-00C04F79EFBC}") = "Faktuboh.Infrastructure", "src\Faktuboh.Infrastructure\Faktuboh.Infrastructure.csproj", "{DF1879CE-C41B-44F3-81B5-7F9A9D979DBC}"
EndProject
Project("{FAE04EC0-301F-11D3-BF4B-00C04F79EFBC}") = "Faktuboh.Contracts", "src\Faktuboh.Contracts\Faktuboh.Contracts.csproj", "{37110EA5-EF62-4711-9C3D-6DC03B748D09}"
EndProject
Project("{FAE04EC0-301F-11D3-BF4B-00C04F79EFBC}") = "Faktuboh.Api", "src\Faktuboh.Api\Faktuboh.Api.csproj", "{FA924C45-30BB-456F-BC74-10663F6D6A50}"
EndProject
Project("{2150E333-8FDC-42A3-9474-1A3956D46DE8}") = "tests", "tests", "{0AB3BF05-4346-4AA6-1389-037BE0695223}"
EndProject
Project("{FAE04EC0-301F-11D3-BF4B-00C04F79EFBC}") = "Faktuboh.Domain.Tests", "tests\Faktuboh.Domain.Tests\Faktuboh.Domain.Tests.csproj", "{857BDAB5-CC19-4638-B929-C63B68E68738}"
EndProject
Project("{FAE04EC0-301F-11D3-BF4B-00C04F79EFBC}") = "Faktuboh.Application.Tests", "tests\Faktuboh.Application.Tests\Faktuboh.Application.Tests.csproj", "{4F3124BA-274B-4A6C-BFEF-293427AA552A}"
EndProject
Project("{FAE04EC0-301F-11D3-BF4B-00C04F79EFBC}") = "Faktuboh.Api.Tests", "tests\Faktuboh.Api.Tests\Faktuboh.Api.Tests.csproj", "{9C855FF0-40DF-4C6D-8AF5-9EED84FF3A44}"
EndProject
Project("{FAE04EC0-301F-11D3-BF4B-00C04F79EFBC}") = "Faktuboh.Infrastructure.Tests", "tests\Faktuboh.Infrastructure.Tests\Faktuboh.Infrastructure.Tests.csproj", "{38DEB32A-5887-41CF-B182-AC4B1DF922D3}"
EndProject
Project("{FAE04EC0-301F-11D3-BF4B-00C04F79EFBC}") = "Faktuboh.ArchitectureTests", "tests\Faktuboh.ArchitectureTests\Faktuboh.ArchitectureTests.csproj", "{6FED97C2-E0BD-4591-8269-DAC99284B1AA}"
EndProject
Global
	GlobalSection(SolutionConfigurationPlatforms) = preSolution
		Debug|Any CPU = Debug|Any CPU
		Debug|x64 = Debug|x64
		Debug|x86 = Debug|x86
		Release|Any CPU = Release|Any CPU
		Release|x64 = Release|x64
		Release|x86 = Release|x86
	EndGlobalSection
	GlobalSection(ProjectConfigurationPlatforms) = postSolution
		{6631AF64-6D88-41FF-8358-39EEF43EEAC1}.Debug|Any CPU.ActiveCfg = Debug|Any CPU
		{6631AF64-6D88-41FF-8358-39EEF43EEAC1}.Debug|Any CPU.Build.0 = Debug|Any CPU
		{6631AF64-6D88-41FF-8358-39EEF43EEAC1}.Debug|x64.ActiveCfg = Debug|Any CPU
		{6631AF64-6D88-41FF-8358-39EEF43EEAC1}.Debug|x64.Build.0 = Debug|Any CPU
		{6631AF64-6D88-41FF-8358-39EEF43EEAC1}.Debug|x86.ActiveCfg = Debug|Any CPU
		{6631AF64-6D88-41FF-8358-39EEF43EEAC1}.Debug|x86.Build.0 = Debug|Any CPU
		{6631AF64-6D88-41FF-8358-39EEF43EEAC1}.Release|Any CPU.ActiveCfg = Release|Any CPU
		{6631AF64-6D88-41FF-8358-39EEF43EEAC1}.Release|Any CPU.Build.0 = Release|Any CPU
		{6631AF64-6D88-41FF-8358-39EEF43EEAC1}.Release|x64.ActiveCfg = Release|Any CPU
		{6631AF64-6D88-41FF-8358-39EEF43EEAC1}.Release|x64.Build.0 = Release|Any CPU
		{6631AF64-6D88-41FF-8358-39EEF43EEAC1}.Release|x86.ActiveCfg = Release|Any CPU
		{6631AF64-6D88-41FF-8358-39EEF43EEAC1}.Release|x86.Build.0 = Release|Any CPU
		{04F761AF-7E70-491C-BC16-D8513A8C1C64}.Debug|Any CPU.ActiveCfg = Debug|Any CPU
		{04F761AF-7E70-491C-BC16-D8513A8C1C64}.Debug|Any CPU.Build.0 = Debug|Any CPU
		{04F761AF-7E70-491C-BC16-D8513A8C1C64}.Debug|x64.ActiveCfg = Debug|Any CPU
		{04F761AF-7E70-491C-BC16-D8513A8C1C64}.Debug|x64.Build.0 = Debug|Any CPU
		{04F761AF-7E70-491C-BC16-D8513A8C1C64}.Debug|x86.ActiveCfg = Debug|Any CPU
		{04F761AF-7E70-491C-BC16-D8513A8C1C64}.Debug|x86.Build.0 = Debug|Any CPU
		{04F761AF-7E70-491C-BC16-D8513A8C1C64}.Release|Any CPU.ActiveCfg = Release|Any CPU
		{04F761AF-7E70-491C-BC16-D8513A8C1C64}.Release|Any CPU.Build.0 = Release|Any CPU
		{04F761AF-7E70-491C-BC16-D8513A8C1C64}.Release|x64.ActiveCfg = Release|Any CPU
		{04F761AF-7E70-491C-BC16-D8513A8C1C64}.Release|x64.Build.0 = Release|Any CPU
		{04F761AF-7E70-491C-BC16-D8513A8C1C64}.Release|x86.ActiveCfg = Release|Any CPU
		{04F761AF-7E70-491C-BC16-D8513A8C1C64}.Release|x86.Build.0 = Release|Any CPU
		{C2655D02-F000-46CB-97D3-9EAFB69EC8B9}.Debug|Any CPU.ActiveCfg = Debug|Any CPU
		{C2655D02-F000-46CB-97D3-9EAFB69EC8B9}.Debug|Any CPU.Build.0 = Debug|Any CPU
		{C2655D02-F000-46CB-97D3-9EAFB69EC8B9}.Debug|x64.ActiveCfg = Debug|Any CPU
		{C2655D02-F000-46CB-97D3-9EAFB69EC8B9}.Debug|x64.Build.0 = Debug|Any CPU
		{C2655D02-F000-46CB-97D3-9EAFB69EC8B9}.Debug|x86.ActiveCfg = Debug|Any CPU
		{C2655D02-F000-46CB-97D3-9EAFB69EC8B9}.Debug|x86.Build.0 = Debug|Any CPU
		{C2655D02-F000-46CB-97D3-9EAFB69EC8B9}.Release|Any CPU.ActiveCfg = Release|Any CPU
		{C2655D02-F000-46CB-97D3-9EAFB69EC8B9}.Release|Any CPU.Build.0 = Release|Any CPU
		{C2655D02-F000-46CB-97D3-9EAFB69EC8B9}.Release|x64.ActiveCfg = Release|Any CPU
		{C2655D02-F000-46CB-97D3-9EAFB69EC8B9}.Release|x64.Build.0 = Release|Any CPU
		{C2655D02-F000-46CB-97D3-9EAFB69EC8B9}.Release|x86.ActiveCfg = Release|Any CPU
		{C2655D02-F000-46CB-97D3-9EAFB69EC8B9}.Release|x86.Build.0 = Release|Any CPU
		{A4B5D52D-0CFC-4C1F-8428-178BE36EA76C}.Debug|Any CPU.ActiveCfg = Debug|Any CPU
		{A4B5D52D-0CFC-4C1F-8428-178BE36EA76C}.Debug|Any CPU.Build.0 = Debug|Any CPU
		{A4B5D52D-0CFC-4C1F-8428-178BE36EA76C}.Debug|x64.ActiveCfg = Debug|Any CPU
		{A4B5D52D-0CFC-4C1F-8428-178BE36EA76C}.Debug|x64.Build.0 = Debug|Any CPU
		{A4B5D52D-0CFC-4C1F-8428-178BE36EA76C}.Debug|x86.ActiveCfg = Debug|Any CPU
		{A4B5D52D-0CFC-4C1F-8428-178BE36EA76C}.Debug|x86.Build.0 = Debug|Any CPU
		{A4B5D52D-0CFC-4C1F-8428-178BE36EA76C}.Release|Any CPU.ActiveCfg = Release|Any CPU
		{A4B5D52D-0CFC-4C1F-8428-178BE36EA76C}.Release|Any CPU.Build.0 = Release|Any CPU
		{A4B5D52D-0CFC-4C1F-8428-178BE36EA76C}.Release|x64.ActiveCfg = Release|Any CPU
		{A4B5D52D-0CFC-4C1F-8428-178BE36EA76C}.Release|x64.Build.0 = Release|Any CPU
		{A4B5D52D-0CFC-4C1F-8428-178BE36EA76C}.Release|x86.ActiveCfg = Release|Any CPU
		{A4B5D52D-0CFC-4C1F-8428-178BE36EA76C}.Release|x86.Build.0 = Release|Any CPU
		{DF1879CE-C41B-44F3-81B5-7F9A9D979DBC}.Debug|Any CPU.ActiveCfg = Debug|Any CPU
		{DF1879CE-C41B-44F3-81B5-7F9A9D979DBC}.Debug|Any CPU.Build.0 = Debug|Any CPU
		{DF1879CE-C41B-44F3-81B5-7F9A9D979DBC}.Debug|x64.ActiveCfg = Debug|Any CPU
		{DF1879CE-C41B-44F3-81B5-7F9A9D979DBC}.Debug|x64.Build.0 = Debug|Any CPU
		{DF1879CE-C41B-44F3-81B5-7F9A9D979DBC}.Debug|x86.ActiveCfg = Debug|Any CPU
		{DF1879CE-C41B-44F3-81B5-7F9A9D979DBC}.Debug|x86.Build.0 = Debug|Any CPU
		{DF1879CE-C41B-44F3-81B5-7F9A9D979DBC}.Release|Any CPU.ActiveCfg = Release|Any CPU
		{DF1879CE-C41B-44F3-81B5-7F9A9D979DBC}.Release|Any CPU.Build.0 = Release|Any CPU
		{DF1879CE-C41B-44F3-81B5-7F9A9D979DBC}.Release|x64.ActiveCfg = Release|Any CPU
		{DF1879CE-C41B-44F3-81B5-7F9A9D979DBC}.Release|x64.Build.0 = Release|Any CPU
		{DF1879CE-C41B-44F3-81B5-7F9A9D979DBC}.Release|x86.ActiveCfg = Release|Any CPU
		{DF1879CE-C41B-44F3-81B5-7F9A9D979DBC}.Release|x86.Build.0 = Release|Any CPU
		{37110EA5-EF62-4711-9C3D-6DC03B748D09}.Debug|Any CPU.ActiveCfg = Debug|Any CPU
		{37110EA5-EF62-4711-9C3D-6DC03B748D09}.Debug|Any CPU.Build.0 = Debug|Any CPU
		{37110EA5-EF62-4711-9C3D-6DC03B748D09}.Debug|x64.ActiveCfg = Debug|Any CPU
		{37110EA5-EF62-4711-9C3D-6DC03B748D09}.Debug|x64.Build.0 = Debug|Any CPU
		{37110EA5-EF62-4711-9C3D-6DC03B748D09}.Debug|x86.ActiveCfg = Debug|Any CPU
		{37110EA5-EF62-4711-9C3D-6DC03B748D09}.Debug|x86.Build.0 = Debug|Any CPU
		{37110EA5-EF62-4711-9C3D-6DC03B748D09}.Release|Any CPU.ActiveCfg = Release|Any CPU
		{37110EA5-EF62-4711-9C3D-6DC03B748D09}.Release|Any CPU.Build.0 = Release|Any CPU
		{37110EA5-EF62-4711-9C3D-6DC03B748D09}.Release|x64.ActiveCfg = Release|Any CPU
		{37110EA5-EF62-4711-9C3D-6DC03B748D09}.Release|x64.Build.0 = Release|Any CPU
		{37110EA5-EF62-4711-9C3D-6DC03B748D09}.Release|x86.ActiveCfg = Release|Any CPU
		{37110EA5-EF62-4711-9C3D-6DC03B748D09}.Release|x86.Build.0 = Release|Any CPU
		{FA924C45-30BB-456F-BC74-10663F6D6A50}.Debug|Any CPU.ActiveCfg = Debug|Any CPU
		{FA924C45-30BB-456F-BC74-10663F6D6A50}.Debug|Any CPU.Build.0 = Debug|Any CPU
		{FA924C45-30BB-456F-BC74-10663F6D6A50}.Debug|x64.ActiveCfg = Debug|Any CPU
		{FA924C45-30BB-456F-BC74-10663F6D6A50}.Debug|x64.Build.0 = Debug|Any CPU
		{FA924C45-30BB-456F-BC74-10663F6D6A50}.Debug|x86.ActiveCfg = Debug|Any CPU
		{FA924C45-30BB-456F-BC74-10663F6D6A50}.Debug|x86.Build.0 = Debug|Any CPU
		{FA924C45-30BB-456F-BC74-10663F6D6A50}.Release|Any CPU.ActiveCfg = Release|Any CPU
		{FA924C45-30BB-456F-BC74-10663F6D6A50}.Release|Any CPU.Build.0 = Release|Any CPU
		{FA924C45-30BB-456F-BC74-10663F6D6A50}.Release|x64.ActiveCfg = Release|Any CPU
		{FA924C45-30BB-456F-BC74-10663F6D6A50}.Release|x64.Build.0 = Release|Any CPU
		{FA924C45-30BB-456F-BC74-10663F6D6A50}.Release|x86.ActiveCfg = Release|Any CPU
		{FA924C45-30BB-456F-BC74-10663F6D6A50}.Release|x86.Build.0 = Release|Any CPU
		{857BDAB5-CC19-4638-B929-C63B68E68738}.Debug|Any CPU.ActiveCfg = Debug|Any CPU
		{857BDAB5-CC19-4638-B929-C63B68E68738}.Debug|Any CPU.Build.0 = Debug|Any CPU
		{857BDAB5-CC19-4638-B929-C63B68E68738}.Debug|x64.ActiveCfg = Debug|Any CPU
		{857BDAB5-CC19-4638-B929-C63B68E68738}.Debug|x64.Build.0 = Debug|Any CPU
		{857BDAB5-CC19-4638-B929-C63B68E68738}.Debug|x86.ActiveCfg = Debug|Any CPU
		{857BDAB5-CC19-4638-B929-C63B68E68738}.Debug|x86.Build.0 = Debug|Any CPU
		{857BDAB5-CC19-4638-B929-C63B68E68738}.Release|Any CPU.ActiveCfg = Release|Any CPU
		{857BDAB5-CC19-4638-B929-C63B68E68738}.Release|Any CPU.Build.0 = Release|Any CPU
		{857BDAB5-CC19-4638-B929-C63B68E68738}.Release|x64.ActiveCfg = Release|Any CPU
		{857BDAB5-CC19-4638-B929-C63B68E68738}.Release|x64.Build.0 = Release|Any CPU
		{857BDAB5-CC19-4638-B929-C63B68E68738}.Release|x86.ActiveCfg = Release|Any CPU
		{857BDAB5-CC19-4638-B929-C63B68E68738}.Release|x86.Build.0 = Release|Any CPU
		{4F3124BA-274B-4A6C-BFEF-293427AA552A}.Debug|Any CPU.ActiveCfg = Debug|Any CPU
		{4F3124BA-274B-4A6C-BFEF-293427AA552A}.Debug|Any CPU.Build.0 = Debug|Any CPU
		{4F3124BA-274B-4A6C-BFEF-293427AA552A}.Debug|x64.ActiveCfg = Debug|Any CPU
		{4F3124BA-274B-4A6C-BFEF-293427AA552A}.Debug|x64.Build.0 = Debug|Any CPU
		{4F3124BA-274B-4A6C-BFEF-293427AA552A}.Debug|x86.ActiveCfg = Debug|Any CPU
		{4F3124BA-274B-4A6C-BFEF-293427AA552A}.Debug|x86.Build.0 = Debug|Any CPU
		{4F3124BA-274B-4A6C-BFEF-293427AA552A}.Release|Any CPU.ActiveCfg = Release|Any CPU
		{4F3124BA-274B-4A6C-BFEF-293427AA552A}.Release|Any CPU.Build.0 = Release|Any CPU
		{4F3124BA-274B-4A6C-BFEF-293427AA552A}.Release|x64.ActiveCfg = Release|Any CPU
		{4F3124BA-274B-4A6C-BFEF-293427AA552A}.Release|x64.Build.0 = Release|Any CPU
		{4F3124BA-274B-4A6C-BFEF-293427AA552A}.Release|x86.ActiveCfg = Release|Any CPU
		{4F3124BA-274B-4A6C-BFEF-293427AA552A}.Release|x86.Build.0 = Release|Any CPU
		{9C855FF0-40DF-4C6D-8AF5-9EED84FF3A44}.Debug|Any CPU.ActiveCfg = Debug|Any CPU
		{9C855FF0-40DF-4C6D-8AF5-9EED84FF3A44}.Debug|Any CPU.Build.0 = Debug|Any CPU
		{9C855FF0-40DF-4C6D-8AF5-9EED84FF3A44}.Debug|x64.ActiveCfg = Debug|Any CPU
		{9C855FF0-40DF-4C6D-8AF5-9EED84FF3A44}.Debug|x64.Build.0 = Debug|Any CPU
		{9C855FF0-40DF-4C6D-8AF5-9EED84FF3A44}.Debug|x86.ActiveCfg = Debug|Any CPU
		{9C855FF0-40DF-4C6D-8AF5-9EED84FF3A44}.Debug|x86.Build.0 = Debug|Any CPU
		{9C855FF0-40DF-4C6D-8AF5-9EED84FF3A44}.Release|Any CPU.ActiveCfg = Release|Any CPU
		{9C855FF0-40DF-4C6D-8AF5-9EED84FF3A44}.Release|Any CPU.Build.0 = Release|Any CPU
		{9C855FF0-40DF-4C6D-8AF5-9EED84FF3A44}.Release|x64.ActiveCfg = Release|Any CPU
		{9C855FF0-40DF-4C6D-8AF5-9EED84FF3A44}.Release|x64.Build.0 = Release|Any CPU
		{9C855FF0-40DF-4C6D-8AF5-9EED84FF3A44}.Release|x86.ActiveCfg = Release|Any CPU
		{9C855FF0-40DF-4C6D-8AF5-9EED84FF3A44}.Release|x86.Build.0 = Release|Any CPU
		{38DEB32A-5887-41CF-B182-AC4B1DF922D3}.Debug|Any CPU.ActiveCfg = Debug|Any CPU
		{38DEB32A-5887-41CF-B182-AC4B1DF922D3}.Debug|Any CPU.Build.0 = Debug|Any CPU
		{38DEB32A-5887-41CF-B182-AC4B1DF922D3}.Debug|x64.ActiveCfg = Debug|Any CPU
		{38DEB32A-5887-41CF-B182-AC4B1DF922D3}.Debug|x64.Build.0 = Debug|Any CPU
		{38DEB32A-5887-41CF-B182-AC4B1DF922D3}.Debug|x86.ActiveCfg = Debug|Any CPU
		{38DEB32A-5887-41CF-B182-AC4B1DF922D3}.Debug|x86.Build.0 = Debug|Any CPU
		{38DEB32A-5887-41CF-B182-AC4B1DF922D3}.Release|Any CPU.ActiveCfg = Release|Any CPU
		{38DEB32A-5887-41CF-B182-AC4B1DF922D3}.Release|Any CPU.Build.0 = Release|Any CPU
		{38DEB32A-5887-41CF-B182-AC4B1DF922D3}.Release|x64.ActiveCfg = Release|Any CPU
		{38DEB32A-5887-41CF-B182-AC4B1DF922D3}.Release|x64.Build.0 = Release|Any CPU
		{38DEB32A-5887-41CF-B182-AC4B1DF922D3}.Release|x86.ActiveCfg = Release|Any CPU
		{38DEB32A-5887-41CF-B182-AC4B1DF922D3}.Release|x86.Build.0 = Release|Any CPU
		{6FED97C2-E0BD-4591-8269-DAC99284B1AA}.Debug|Any CPU.ActiveCfg = Debug|Any CPU
		{6FED97C2-E0BD-4591-8269-DAC99284B1AA}.Debug|Any CPU.Build.0 = Debug|Any CPU
		{6FED97C2-E0BD-4591-8269-DAC99284B1AA}.Debug|x64.ActiveCfg = Debug|Any CPU
		{6FED97C2-E0BD-4591-8269-DAC99284B1AA}.Debug|x64.Build.0 = Debug|Any CPU
		{6FED97C2-E0BD-4591-8269-DAC99284B1AA}.Debug|x86.ActiveCfg = Debug|Any CPU
		{6FED97C2-E0BD-4591-8269-DAC99284B1AA}.Debug|x86.Build.0 = Debug|Any CPU
		{6FED97C2-E0BD-4591-8269-DAC99284B1AA}.Release|Any CPU.ActiveCfg = Release|Any CPU
		{6FED97C2-E0BD-4591-8269-DAC99284B1AA}.Release|Any CPU.Build.0 = Release|Any CPU
		{6FED97C2-E0BD-4591-8269-DAC99284B1AA}.Release|x64.ActiveCfg = Release|Any CPU
		{6FED97C2-E0BD-4591-8269-DAC99284B1AA}.Release|x64.Build.0 = Release|Any CPU
		{6FED97C2-E0BD-4591-8269-DAC99284B1AA}.Release|x86.ActiveCfg = Release|Any CPU
		{6FED97C2-E0BD-4591-8269-DAC99284B1AA}.Release|x86.Build.0 = Release|Any CPU
	EndGlobalSection
	GlobalSection(SolutionProperties) = preSolution
		HideSolutionNode = FALSE
	EndGlobalSection
	GlobalSection(NestedProjects) = preSolution
		{6631AF64-6D88-41FF-8358-39EEF43EEAC1} = {64880D93-BAB4-FF83-898C-B934B68C31A9}
		{04F761AF-7E70-491C-BC16-D8513A8C1C64} = {64880D93-BAB4-FF83-898C-B934B68C31A9}
		{C2655D02-F000-46CB-97D3-9EAFB69EC8B9} = {827E0CD3-B72D-47B6-A68D-7590B98EB39B}
		{A4B5D52D-0CFC-4C1F-8428-178BE36EA76C} = {827E0CD3-B72D-47B6-A68D-7590B98EB39B}
		{DF1879CE-C41B-44F3-81B5-7F9A9D979DBC} = {827E0CD3-B72D-47B6-A68D-7590B98EB39B}
		{37110EA5-EF62-4711-9C3D-6DC03B748D09} = {827E0CD3-B72D-47B6-A68D-7590B98EB39B}
		{FA924C45-30BB-456F-BC74-10663F6D6A50} = {827E0CD3-B72D-47B6-A68D-7590B98EB39B}
		{857BDAB5-CC19-4638-B929-C63B68E68738} = {0AB3BF05-4346-4AA6-1389-037BE0695223}
		{4F3124BA-274B-4A6C-BFEF-293427AA552A} = {0AB3BF05-4346-4AA6-1389-037BE0695223}
		{9C855FF0-40DF-4C6D-8AF5-9EED84FF3A44} = {0AB3BF05-4346-4AA6-1389-037BE0695223}
		{38DEB32A-5887-41CF-B182-AC4B1DF922D3} = {0AB3BF05-4346-4AA6-1389-037BE0695223}
		{6FED97C2-E0BD-4591-8269-DAC99284B1AA} = {0AB3BF05-4346-4AA6-1389-037BE0695223}
	EndGlobalSection
EndGlobal
